<?xml version="1.0" encoding="UTF-8" standalone="yes" ?>
<CodeBlocks_project_file>
	<FileVersion major="1" minor="6" />
	<Project>
		<Option title="hellocpp2" />
		<Option pch_mode="2" />
		<Option compiler="gcc" />
		<Build>
			<Target title="Debug">
				<Option output="bin\Debug\hellocpp2" prefix_auto="1" extension_auto="1" />
				<Option object_output="obj\Debug\" />
				<Option type="1" />
				<Option compiler="gcc" />
				<Compiler>
					<Add option="-g" />
					<Add directory="include" />
				</Compiler>
				<Linker>
					<Add directory="C:\Agar\hellocpp2\bin\Debug" />
				</Linker>
			</Target>
		</Build>
		<Compiler>
			<Add option="-Wall" />
			<Add option="-fexceptions" />
		</Compiler>
		<Linker>
			<Add option="-mwindows" />
			<Add library="C:\MinGW\lib\libmingw32.a" />
			<Add library="C:\cpp\HTMLayout\lib\HTMLayout.lib" />
			<Add library="C:\cpp\visilibity\source_code\visilibity.o" />
			<Add library="C:\MinGW\lib\libglu32.a" />
			<Add library="C:\Agar\Agar-source\core\.libs\libag_core.a" />
			<Add library="C:\Agar\Agar-source\gui\.libs\libag_gui.a" />
			<Add library="C:\Agar\freetype-2.1.10\objs\.libs\libfreetype.a" />
			<Add library="C:\Agar\libSDLmain.a" />
			<Add library="C:\Agar\libSDL.dll.a" />
			<Add library="C:\Agar\libopengl32.a" />
			<Add library="C:\cpp\regex\lib\libpcre.dll.a" />
		</Linker>
		<Unit filename="dialog.h" />
		<Unit filename="entity.cpp" />
		<Unit filename="events.cpp" />
		<Unit filename="geomap.cpp" />
		<Unit filename="globals.cpp" />
		<Unit filename="main.cpp" />
		<Unit filename="myButton.cpp" />
		<Unit filename="myButton.h" />
		<Unit filename="mytextbox.cpp" />
		<Unit filename="mytextbox.h" />
		<Unit filename="mywidget.cpp" />
		<Unit filename="mywidget.h" />
		<Unit filename="task.cpp" />
		<Extensions>
			<code_completion />
			<debugger />
		</Extensions>
	</Project>
</CodeBlocks_project_file>
